
Microsoft Visual Studio Solution File, Format Version 12.00
# Visual Studio 15
VisualStudioVersion = 15.0.28307.1145
MinimumVisualStudioVersion = 10.0.40219.1
Project("{FAE04EC0-301F-11D3-BF4B-00C04F79EFBC}") = "NetFinalProject", "NetFinalProject\NetFinalProject.csproj", "{E744F19B-5A51-42BE-B6D3-A63C964595FF}"
EndProject
Project("{FAE04EC0-301F-11D3-BF4B-00C04F79EFBC}") = "NetFinalProject.Utils", "Utils\NetFinalProject.Utils.csproj", "{2556CB38-0A13-4071-9BFC-9748ED2EA293}"
EndProject
Project("{FAE04EC0-301F-11D3-BF4B-00C04F79EFBC}") = "NetFinalProject.Requests", "Requests\NetFinalProject.Requests.csproj", "{D8954920-7C66-4897-98CE-AA5F3E42B5D7}"
EndProject
Project("{8BC9CEB8-8B4A-11D0-8D11-00A0C91BC942}") = "CMD5", "CMD5\CMD5.vcxproj", "{BCE239D1-2D85-4132-9A36-DF1F486C7B2B}"
EndProject
Project("{8BC9CEB8-8B4A-11D0-8D11-00A0C91BC942}") = "AuthCode", "AuthCode\AuthCode.vcxproj", "{E183CA72-2A03-4945-B503-E001D7576914}"
EndProject
Project("{FAE04EC0-301F-11D3-BF4B-00C04F79EFBC}") = "ResultCOM", "ResultCOM\ResultCOM.csproj", "{F27B4B6B-DE24-4982-BE75-A5B6D279B6FB}"
EndProject
Global
	GlobalSection(SolutionConfigurationPlatforms) = preSolution
		Debug|Any CPU = Debug|Any CPU
		Debug|x64 = Debug|x64
		Debug|x86 = Debug|x86
		Release|Any CPU = Release|Any CPU
		Release|x64 = Release|x64
		Release|x86 = Release|x86
	EndGlobalSection
	GlobalSection(ProjectConfigurationPlatforms) = postSolution
		{E744F19B-5A51-42BE-B6D3-A63C964595FF}.Debug|Any CPU.ActiveCfg = Debug|Any CPU
		{E744F19B-5A51-42BE-B6D3-A63C964595FF}.Debug|Any CPU.Build.0 = Debug|Any CPU
		{E744F19B-5A51-42BE-B6D3-A63C964595FF}.Debug|x64.ActiveCfg = Debug|Any CPU
		{E744F19B-5A51-42BE-B6D3-A63C964595FF}.Debug|x64.Build.0 = Debug|Any CPU
		{E744F19B-5A51-42BE-B6D3-A63C964595FF}.Debug|x86.ActiveCfg = Debug|Any CPU
		{E744F19B-5A51-42BE-B6D3-A63C964595FF}.Debug|x86.Build.0 = Debug|Any CPU
		{E744F19B-5A51-42BE-B6D3-A63C964595FF}.Release|Any CPU.ActiveCfg = Release|Any CPU
		{E744F19B-5A51-42BE-B6D3-A63C964595FF}.Release|Any CPU.Build.0 = Release|Any CPU
		{E744F19B-5A51-42BE-B6D3-A63C964595FF}.Release|x64.ActiveCfg = Release|Any CPU
		{E744F19B-5A51-42BE-B6D3-A63C964595FF}.Release|x64.Build.0 = Release|Any CPU
		{E744F19B-5A51-42BE-B6D3-A63C964595FF}.Release|x86.ActiveCfg = Release|Any CPU
		{E744F19B-5A51-42BE-B6D3-A63C964595FF}.Release|x86.Build.0 = Release|Any CPU
		{2556CB38-0A13-4071-9BFC-9748ED2EA293}.Debug|Any CPU.ActiveCfg = Debug|Any CPU
		{2556CB38-0A13-4071-9BFC-9748ED2EA293}.Debug|Any CPU.Build.0 = Debug|Any CPU
		{2556CB38-0A13-4071-9BFC-9748ED2EA293}.Debug|x64.ActiveCfg = Debug|Any CPU
		{2556CB38-0A13-4071-9BFC-9748ED2EA293}.Debug|x64.Build.0 = Debug|Any CPU
		{2556CB38-0A13-4071-9BFC-9748ED2EA293}.Debug|x86.ActiveCfg = Debug|Any CPU
		{2556CB38-0A13-4071-9BFC-9748ED2EA293}.Debug|x86.Build.0 = Debug|Any CPU
		{2556CB38-0A13-4071-9BFC-9748ED2EA293}.Release|Any CPU.ActiveCfg = Release|Any CPU
		{2556CB38-0A13-4071-9BFC-9748ED2EA293}.Release|Any CPU.Build.0 = Release|Any CPU
		{2556CB38-0A13-4071-9BFC-9748ED2EA293}.Release|x64.ActiveCfg = Release|Any CPU
		{2556CB38-0A13-4071-9BFC-9748ED2EA293}.Release|x64.Build.0 = Release|Any CPU
		{2556CB38-0A13-4071-9BFC-9748ED2EA293}.Release|x86.ActiveCfg = Release|Any CPU
		{2556CB38-0A13-4071-9BFC-9748ED2EA293}.Release|x86.Build.0 = Release|Any CPU
		{D8954920-7C66-4897-98CE-AA5F3E42B5D7}.Debug|Any CPU.ActiveCfg = Debug|Any CPU
		{D8954920-7C66-4897-98CE-AA5F3E42B5D7}.Debug|Any CPU.Build.0 = Debug|Any CPU
		{D8954920-7C66-4897-98CE-AA5F3E42B5D7}.Debug|x64.ActiveCfg = Debug|Any CPU
		{D8954920-7C66-4897-98CE-AA5F3E42B5D7}.Debug|x64.Build.0 = Debug|Any CPU
		{D8954920-7C66-4897-98CE-AA5F3E42B5D7}.Debug|x86.ActiveCfg = Debug|Any CPU
		{D8954920-7C66-4897-98CE-AA5F3E42B5D7}.Debug|x86.Build.0 = Debug|Any CPU
		{D8954920-7C66-4897-98CE-AA5F3E42B5D7}.Release|Any CPU.ActiveCfg = Release|Any CPU
		{D8954920-7C66-4897-98CE-AA5F3E42B5D7}.Release|Any CPU.Build.0 = Release|Any CPU
		{D8954920-7C66-4897-98CE-AA5F3E42B5D7}.Release|x64.ActiveCfg = Release|Any CPU
		{D8954920-7C66-4897-98CE-AA5F3E42B5D7}.Release|x64.Build.0 = Release|Any CPU
		{D8954920-7C66-4897-98CE-AA5F3E42B5D7}.Release|x86.ActiveCfg = Release|Any CPU
		{D8954920-7C66-4897-98CE-AA5F3E42B5D7}.Release|x86.Build.0 = Release|Any CPU
		{BCE239D1-2D85-4132-9A36-DF1F486C7B2B}.Debug|Any CPU.ActiveCfg = Debug|Win32
		{BCE239D1-2D85-4132-9A36-DF1F486C7B2B}.Debug|x64.ActiveCfg = Debug|x64
		{BCE239D1-2D85-4132-9A36-DF1F486C7B2B}.Debug|x64.Build.0 = Debug|x64
		{BCE239D1-2D85-4132-9A36-DF1F486C7B2B}.Debug|x86.ActiveCfg = Debug|Win32
		{BCE239D1-2D85-4132-9A36-DF1F486C7B2B}.Debug|x86.Build.0 = Debug|Win32
		{BCE239D1-2D85-4132-9A36-DF1F486C7B2B}.Release|Any CPU.ActiveCfg = Release|Win32
		{BCE239D1-2D85-4132-9A36-DF1F486C7B2B}.Release|x64.ActiveCfg = Release|x64
		{BCE239D1-2D85-4132-9A36-DF1F486C7B2B}.Release|x64.Build.0 = Release|x64
		{BCE239D1-2D85-4132-9A36-DF1F486C7B2B}.Release|x86.ActiveCfg = Release|Win32
		{BCE239D1-2D85-4132-9A36-DF1F486C7B2B}.Release|x86.Build.0 = Release|Win32
		{E183CA72-2A03-4945-B503-E001D7576914}.Debug|Any CPU.ActiveCfg = Debug|Win32
		{E183CA72-2A03-4945-B503-E001D7576914}.Debug|x64.ActiveCfg = Debug|x64
		{E183CA72-2A03-4945-B503-E001D7576914}.Debug|x64.Build.0 = Debug|x64
		{E183CA72-2A03-4945-B503-E001D7576914}.Debug|x86.ActiveCfg = Debug|Win32
		{E183CA72-2A03-4945-B503-E001D7576914}.Debug|x86.Build.0 = Debug|Win32
		{E183CA72-2A03-4945-B503-E001D7576914}.Release|Any CPU.ActiveCfg = Release|Win32
		{E183CA72-2A03-4945-B503-E001D7576914}.Release|x64.ActiveCfg = Release|x64
		{E183CA72-2A03-4945-B503-E001D7576914}.Release|x64.Build.0 = Release|x64
		{E183CA72-2A03-4945-B503-E001D7576914}.Release|x86.ActiveCfg = Release|Win32
		{E183CA72-2A03-4945-B503-E001D7576914}.Release|x86.Build.0 = Release|Win32
		{F27B4B6B-DE24-4982-BE75-A5B6D279B6FB}.Debug|Any CPU.ActiveCfg = Debug|Any CPU
		{F27B4B6B-DE24-4982-BE75-A5B6D279B6FB}.Debug|Any CPU.Build.0 = Debug|Any CPU
		{F27B4B6B-DE24-4982-BE75-A5B6D279B6FB}.Debug|x64.ActiveCfg = Debug|Any CPU
		{F27B4B6B-DE24-4982-BE75-A5B6D279B6FB}.Debug|x64.Build.0 = Debug|Any CPU
		{F27B4B6B-DE24-4982-BE75-A5B6D279B6FB}.Debug|x86.ActiveCfg = Debug|Any CPU
		{F27B4B6B-DE24-4982-BE75-A5B6D279B6FB}.Debug|x86.Build.0 = Debug|Any CPU
		{F27B4B6B-DE24-4982-BE75-A5B6D279B6FB}.Release|Any CPU.ActiveCfg = Release|Any CPU
		{F27B4B6B-DE24-4982-BE75-A5B6D279B6FB}.Release|Any CPU.Build.0 = Release|Any CPU
		{F27B4B6B-DE24-4982-BE75-A5B6D279B6FB}.Release|x64.ActiveCfg = Release|Any CPU
		{F27B4B6B-DE24-4982-BE75-A5B6D279B6FB}.Release|x64.Build.0 = Release|Any CPU
		{F27B4B6B-DE24-4982-BE75-A5B6D279B6FB}.Release|x86.ActiveCfg = Release|Any CPU
		{F27B4B6B-DE24-4982-BE75-A5B6D279B6FB}.Release|x86.Build.0 = Release|Any CPU
	EndGlobalSection
	GlobalSection(SolutionProperties) = preSolution
		HideSolutionNode = FALSE
	EndGlobalSection
	GlobalSection(ExtensibilityGlobals) = postSolution
		SolutionGuid = {71724FCB-6E46-4C40-B9FC-FDC7CA12688D}
	EndGlobalSection
EndGlobal
